{
  "version": 4,
  "terraform_version": "1.5.6",
  "serial": 21,
  "lineage": "534f6eab-82aa-3e16-8d05-1043549027c3",
  "outputs": {
    "lightsail_instance_ip": {
      "value": "34.229.212.162",
      "type": "string"
    }
  },
  "resources": [
    {
      "mode": "managed",
      "type": "aws_lightsail_instance",
      "name": "light_sail_1",
      "provider": "provider[\"registry.terraform.io/hashicorp/aws\"]",
      "instances": [
        {
          "schema_version": 0,
          "attributes": {
            "add_on": [],
            "arn": "arn:aws:lightsail:us-east-1:540738452774:Instance/bf55d1df-58f6-42d9-8967-c4ff328f23a6",
            "availability_zone": "us-east-1a",
            "blueprint_id": "amazon_linux_2",
            "bundle_id": "nano_1_0",
            "cpu_count": 1,
            "created_at": "2023-09-22T14:56:42Z",
            "id": "Asiamah",
            "ip_address_type": "dualstack",
            "ipv6_address": "2600:1f18:5393:b600:f6cd:73a2:8ee3:8837",
            "ipv6_addresses": [
              "2600:1f18:5393:b600:f6cd:73a2:8ee3:8837"
            ],
            "is_static_ip": false,
            "key_pair_name": "LightsailDefaultKeyPair",
            "name": "Asiamah",
            "private_ip_address": "172.26.14.171",
            "public_ip_address": "34.229.212.162",
            "ram_size": 0.5,
            "tags": null,
            "tags_all": {},
            "user_data": "#!/bin/bash\r\nsudo yum update -y \r\nsudo yum install unzip wget httpd -y\r\nsudo wget https://github.com/utrains/static-resume/archive/refs/heads/main.zip\r\nsudo unzip main.zip\r\nsudo rm -rf /var/www/html/*\r\nsudo cp -r static-resume-main/* /var/www/html/  \r\nsudo systemctl start httpd\r\nsudo systemctl enable httpd\r\n",
            "username": "ec2-user"
          },
          "sensitive_attributes": [],
          "private": "bnVsbA=="
        }
      ]
    }
  ],
  "check_results": null
}
